
Microsoft Visual Studio Solution File, Format Version 11.00
# Visual Studio 2010
Project("{FAE04EC0-301F-11D3-BF4B-00C04F79EFBC}") = "LeTai.TrueShadow", "LeTai.TrueShadow.csproj", "{bf925100-15e1-9f00-7663-901a262879de}"
EndProject
Project("{FAE04EC0-301F-11D3-BF4B-00C04F79EFBC}") = "LeTai.TrueShadow.Demo", "LeTai.TrueShadow.Demo.csproj", "{96757dd0-5820-de87-9335-37635c0ed785}"
EndProject
Project("{FAE04EC0-301F-11D3-BF4B-00C04F79EFBC}") = "Assembly-CSharp", "Assembly-CSharp.csproj", "{dc41ebbc-f7aa-d18e-0b5a-fc97ab83ce04}"
EndProject
Project("{FAE04EC0-301F-11D3-BF4B-00C04F79EFBC}") = "LeTai.TrueShadow.Editor", "LeTai.TrueShadow.Editor.csproj", "{2a63a7e2-4bd3-6e07-f169-7de43a3e5885}"
EndProject
Project("{FAE04EC0-301F-11D3-BF4B-00C04F79EFBC}") = "Assembly-CSharp-Editor", "Assembly-CSharp-Editor.csproj", "{2039e225-5793-568f-eadc-a995a910476e}"
EndProject
Global
	GlobalSection(SolutionConfigurationPlatforms) = preSolution
		Debug|Any CPU = Debug|Any CPU
	EndGlobalSection
	GlobalSection(ProjectConfigurationPlatforms) = postSolution
		{bf925100-15e1-9f00-7663-901a262879de}.Debug|Any CPU.ActiveCfg = Debug|Any CPU
		{bf925100-15e1-9f00-7663-901a262879de}.Debug|Any CPU.Build.0 = Debug|Any CPU
		{96757dd0-5820-de87-9335-37635c0ed785}.Debug|Any CPU.ActiveCfg = Debug|Any CPU
		{96757dd0-5820-de87-9335-37635c0ed785}.Debug|Any CPU.Build.0 = Debug|Any CPU
		{dc41ebbc-f7aa-d18e-0b5a-fc97ab83ce04}.Debug|Any CPU.ActiveCfg = Debug|Any CPU
		{dc41ebbc-f7aa-d18e-0b5a-fc97ab83ce04}.Debug|Any CPU.Build.0 = Debug|Any CPU
		{2a63a7e2-4bd3-6e07-f169-7de43a3e5885}.Debug|Any CPU.ActiveCfg = Debug|Any CPU
		{2a63a7e2-4bd3-6e07-f169-7de43a3e5885}.Debug|Any CPU.Build.0 = Debug|Any CPU
		{2039e225-5793-568f-eadc-a995a910476e}.Debug|Any CPU.ActiveCfg = Debug|Any CPU
		{2039e225-5793-568f-eadc-a995a910476e}.Debug|Any CPU.Build.0 = Debug|Any CPU
	EndGlobalSection
	GlobalSection(SolutionProperties) = preSolution
		HideSolutionNode = FALSE
	EndGlobalSection
EndGlobal
